// !$*UTF8*$!
{
	archiveVersion = 1;
	classes = {
	};
	objectVersion = 46;
	objects = {

/* Begin PBXBuildFile section */
		6CA52C5B1CB9587400C5FDC8 /* scrollBoxView.m in Sources */ = {isa = PBXBuildFile; fileRef = 6CA52C5A1CB9587400C5FDC8 /* scrollBoxView.m */; };
		6CA52C841CBB547A00C5FDC8 /* movieModel.m in Sources */ = {isa = PBXBuildFile; fileRef = 6CA52C831CBB547A00C5FDC8 /* movieModel.m */; };
		6CD58C421CACBD3F0089DB38 /* main.m in Sources */ = {isa = PBXBuildFile; fileRef = 6CD58C411CACBD3F0089DB38 /* main.m */; };
		6CD58C451CACBD3F0089DB38 /* AppDelegate.m in Sources */ = {isa = PBXBuildFile; fileRef = 6CD58C441CACBD3F0089DB38 /* AppDelegate.m */; };
		6CD58C481CACBD3F0089DB38 /* MovieController.m in Sources */ = {isa = PBXBuildFile; fileRef = 6CD58C471CACBD3F0089DB38 /* MovieController.m */; };
		6CD58C4B1CACBD3F0089DB38 /* SecondViewController.m in Sources */ = {isa = PBXBuildFile; fileRef = 6CD58C4A1CACBD3F0089DB38 /* SecondViewController.m */; };
		6CD58C4E1CACBD3F0089DB38 /* Main.storyboard in Resources */ = {isa = PBXBuildFile; fileRef = 6CD58C4C1CACBD3F0089DB38 /* Main.storyboard */; };
		6CD58C501CACBD3F0089DB38 /* Assets.xcassets in Resources */ = {isa = PBXBuildFile; fileRef = 6CD58C4F1CACBD3F0089DB38 /* Assets.xcassets */; };
		6CD58C531CACBD3F0089DB38 /* LaunchScreen.storyboard in Resources */ = {isa = PBXBuildFile; fileRef = 6CD58C511CACBD3F0089DB38 /* LaunchScreen.storyboard */; };
/* End PBXBuildFile section */

/* Begin PBXFileReference section */
		6CA52C591CB9587400C5FDC8 /* scrollBoxView.h */ = {isa = PBXFileReference; fileEncoding = 4; lastKnownFileType = sourcecode.c.h; path = scrollBoxView.h; sourceTree = "<group>"; };
		6CA52C5A1CB9587400C5FDC8 /* scrollBoxView.m */ = {isa = PBXFileReference; fileEncoding = 4; lastKnownFileType = sourcecode.c.objc; path = scrollBoxView.m; sourceTree = "<group>"; };
		6CA52C821CBB547A00C5FDC8 /* movieModel.h */ = {isa = PBXFileReference; fileEncoding = 4; lastKnownFileType = sourcecode.c.h; path = movieModel.h; sourceTree = "<group>"; };
		6CA52C831CBB547A00C5FDC8 /* movieModel.m */ = {isa = PBXFileReference; fileEncoding = 4; lastKnownFileType = sourcecode.c.objc; path = movieModel.m; sourceTree = "<group>"; };
		6CD58C3D1CACBD3F0089DB38 /* MovieCaker_iOS.app */ = {isa = PBXFileReference; explicitFileType = wrapper.application; includeInIndex = 0; path = MovieCaker_iOS.app; sourceTree = BUILT_PRODUCTS_DIR; };
		6CD58C411CACBD3F0089DB38 /* main.m */ = {isa = PBXFileReference; lastKnownFileType = sourcecode.c.objc; path = main.m; sourceTree = "<group>"; };
		6CD58C431CACBD3F0089DB38 /* AppDelegate.h */ = {isa = PBXFileReference; lastKnownFileType = sourcecode.c.h; path = AppDelegate.h; sourceTree = "<group>"; };
		6CD58C441CACBD3F0089DB38 /* AppDelegate.m */ = {isa = PBXFileReference; lastKnownFileType = sourcecode.c.objc; path = AppDelegate.m; sourceTree = "<group>"; };
		6CD58C461CACBD3F0089DB38 /* MovieController.h */ = {isa = PBXFileReference; lastKnownFileType = sourcecode.c.h; path = MovieController.h; sourceTree = "<group>"; };
		6CD58C471CACBD3F0089DB38 /* MovieController.m */ = {isa = PBXFileReference; lastKnownFileType = sourcecode.c.objc; path = MovieController.m; sourceTree = "<group>"; };
		6CD58C491CACBD3F0089DB38 /* SecondViewController.h */ = {isa = PBXFileReference; lastKnownFileType = sourcecode.c.h; path = SecondViewController.h; sourceTree = "<group>"; };
		6CD58C4A1CACBD3F0089DB38 /* SecondViewController.m */ = {isa = PBXFileReference; lastKnownFileType = sourcecode.c.objc; path = SecondViewController.m; sourceTree = "<group>"; };
		6CD58C4D1CACBD3F0089DB38 /* Base */ = {isa = PBXFileReference; lastKnownFileType = file.storyboard; name = Base; path = Base.lproj/Main.storyboard; sourceTree = "<group>"; };
		6CD58C4F1CACBD3F0089DB38 /* Assets.xcassets */ = {isa = PBXFileReference; lastKnownFileType = folder.assetcatalog; path = Assets.xcassets; sourceTree = "<group>"; };
		6CD58C521CACBD3F0089DB38 /* Base */ = {isa = PBXFileReference; lastKnownFileType = file.storyboard; name = Base; path = Base.lproj/LaunchScreen.storyboard; sourceTree = "<group>"; };
		6CD58C541CACBD3F0089DB38 /* Info.plist */ = {isa = PBXFileReference; lastKnownFileType = text.plist.xml; path = Info.plist; sourceTree = "<group>"; };
/* End PBXFileReference section */

/* Begin PBXFrameworksBuildPhase section */
		6CD58C3A1CACBD3F0089DB38 /* Frameworks */ = {
			isa = PBXFrameworksBuildPhase;
			buildActionMask = 2147483647;
			files = (
			);
			runOnlyForDeploymentPostprocessing = 0;
		};
/* End PBXFrameworksBuildPhase section */

/* Begin PBXGroup section */
		6CA52C7F1CBB52C900C5FDC8 /* Controllers */ = {
			isa = PBXGroup;
			children = (
				6CD58C461CACBD3F0089DB38 /* MovieController.h */,
				6CD58C471CACBD3F0089DB38 /* MovieController.m */,
				6CD58C491CACBD3F0089DB38 /* SecondViewController.h */,
				6CD58C4A1CACBD3F0089DB38 /* SecondViewController.m */,
			);
			name = Controllers;
			sourceTree = "<group>";
		};
		6CA52C801CBB52DB00C5FDC8 /* Model */ = {
			isa = PBXGroup;
			children = (
				6CA52C821CBB547A00C5FDC8 /* movieModel.h */,
				6CA52C831CBB547A00C5FDC8 /* movieModel.m */,
			);
			name = Model;
			sourceTree = "<group>";
		};
		6CA52C811CBB52E600C5FDC8 /* View */ = {
			isa = PBXGroup;
			children = (
				6CA52C591CB9587400C5FDC8 /* scrollBoxView.h */,
				6CA52C5A1CB9587400C5FDC8 /* scrollBoxView.m */,
			);
			name = View;
			sourceTree = "<group>";
		};
		6CD58C341CACBD3F0089DB38 = {
			isa = PBXGroup;
			children = (
				6CD58C3F1CACBD3F0089DB38 /* MovieCaker_iOS */,
				6CD58C3E1CACBD3F0089DB38 /* Products */,
			);
			sourceTree = "<group>";
		};
		6CD58C3E1CACBD3F0089DB38 /* Products */ = {
			isa = PBXGroup;
			children = (
				6CD58C3D1CACBD3F0089DB38 /* MovieCaker_iOS.app */,
			);
			name = Products;
			sourceTree = "<group>";
		};
		6CD58C3F1CACBD3F0089DB38 /* MovieCaker_iOS */ = {
			isa = PBXGroup;
			children = (
				6CA52C801CBB52DB00C5FDC8 /* Model */,
				6CA52C811CBB52E600C5FDC8 /* View */,
				6CA52C7F1CBB52C900C5FDC8 /* Controllers */,
				6CD58C431CACBD3F0089DB38 /* AppDelegate.h */,
				6CD58C441CACBD3F0089DB38 /* AppDelegate.m */,
				6CD58C4C1CACBD3F0089DB38 /* Main.storyboard */,
				6CD58C4F1CACBD3F0089DB38 /* Assets.xcassets */,
				6CD58C511CACBD3F0089DB38 /* LaunchScreen.storyboard */,
				6CD58C541CACBD3F0089DB38 /* Info.plist */,
				6CD58C401CACBD3F0089DB38 /* Supporting Files */,
			);
			path = MovieCaker_iOS;
			sourceTree = "<group>";
		};
		6CD58C401CACBD3F0089DB38 /* Supporting Files */ = {
			isa = PBXGroup;
			children = (
				6CD58C411CACBD3F0089DB38 /* main.m */,
			);
			name = "Supporting Files";
			sourceTree = "<group>";
		};
/* End PBXGroup section */

/* Begin PBXNativeTarget section */
		6CD58C3C1CACBD3F0089DB38 /* MovieCaker_iOS */ = {
			isa = PBXNativeTarget;
			buildConfigurationList = 6CD58C571CACBD3F0089DB38 /* Build configuration list for PBXNativeTarget "MovieCaker_iOS" */;
			buildPhases = (
				6CD58C391CACBD3F0089DB38 /* Sources */,
				6CD58C3A1CACBD3F0089DB38 /* Frameworks */,
				6CD58C3B1CACBD3F0089DB38 /* Resources */,
			);
			buildRules = (
			);
			dependencies = (
			);
			name = MovieCaker_iOS;
			productName = MovieCaker_iOS;
			productReference = 6CD58C3D1CACBD3F0089DB38 /* MovieCaker_iOS.app */;
			productType = "com.apple.product-type.application";
		};
/* End PBXNativeTarget section */

/* Begin PBXProject section */
		6CD58C351CACBD3F0089DB38 /* Project object */ = {
			isa = PBXProject;
			attributes = {
				LastUpgradeCheck = 0720;
				ORGANIZATIONNAME = "Albert Hsu";
				TargetAttributes = {
					6CD58C3C1CACBD3F0089DB38 = {
						CreatedOnToolsVersion = 7.2;
						DevelopmentTeam = TZN7YGPD7X;
					};
				};
			};
			buildConfigurationList = 6CD58C381CACBD3F0089DB38 /* Build configuration list for PBXProject "MovieCaker_iOS" */;
			compatibilityVersion = "Xcode 3.2";
			developmentRegion = English;
			hasScannedForEncodings = 0;
			knownRegions = (
				en,
				Base,
			);
			mainGroup = 6CD58C341CACBD3F0089DB38;
			productRefGroup = 6CD58C3E1CACBD3F0089DB38 /* Products */;
			projectDirPath = "";
			projectRoot = "";
			targets = (
				6CD58C3C1CACBD3F0089DB38 /* MovieCaker_iOS */,
			);
		};
/* End PBXProject section */

/* Begin PBXResourcesBuildPhase section */
		6CD58C3B1CACBD3F0089DB38 /* Resources */ = {
			isa = PBXResourcesBuildPhase;
			buildActionMask = 2147483647;
			files = (
				6CD58C531CACBD3F0089DB38 /* LaunchScreen.storyboard in Resources */,
				6CD58C501CACBD3F0089DB38 /* Assets.xcassets in Resources */,
				6CD58C4E1CACBD3F0089DB38 /* Main.storyboard in Resources */,
			);
			runOnlyForDeploymentPostprocessing = 0;
		};
/* End PBXResourcesBuildPhase section */

/* Begin PBXSourcesBuildPhase section */
		6CD58C391CACBD3F0089DB38 /* Sources */ = {
			isa = PBXSourcesBuildPhase;
			buildActionMask = 2147483647;
			files = (
				6CD58C4B1CACBD3F0089DB38 /* SecondViewController.m in Sources */,
				6CD58C451CACBD3F0089DB38 /* AppDelegate.m in Sources */,
				6CA52C841CBB547A00C5FDC8 /* movieModel.m in Sources */,
				6CD58C481CACBD3F0089DB38 /* MovieController.m in Sources */,
				6CD58C421CACBD3F0089DB38 /* main.m in Sources */,
				6CA52C5B1CB9587400C5FDC8 /* scrollBoxView.m in Sources */,
			);
			runOnlyForDeploymentPostprocessing = 0;
		};
/* End PBXSourcesBuildPhase section */

/* Begin PBXVariantGroup section */
		6CD58C4C1CACBD3F0089DB38 /* Main.storyboard */ = {
			isa = PBXVariantGroup;
			children = (
				6CD58C4D1CACBD3F0089DB38 /* Base */,
			);
			name = Main.storyboard;
			sourceTree = "<group>";
		};
		6CD58C511CACBD3F0089DB38 /* LaunchScreen.storyboard */ = {
			isa = PBXVariantGroup;
			children = (
				6CD58C521CACBD3F0089DB38 /* Base */,
			);
			name = LaunchScreen.storyboard;
			sourceTree = "<group>";
		};
/* End PBXVariantGroup section */

/* Begin XCBuildConfiguration section */
		6CD58C551CACBD3F0089DB38 /* Debug */ = {
			isa = XCBuildConfiguration;
			buildSettings = {
				ALWAYS_SEARCH_USER_PATHS = NO;
				CLANG_CXX_LANGUAGE_STANDARD = "gnu++0x";
				CLANG_CXX_LIBRARY = "libc++";
				CLANG_ENABLE_MODULES = YES;
				CLANG_ENABLE_OBJC_ARC = YES;
				CLANG_WARN_BOOL_CONVERSION = YES;
				CLANG_WARN_CONSTANT_CONVERSION = YES;
				CLANG_WARN_DIRECT_OBJC_ISA_USAGE = YES_ERROR;
				CLANG_WARN_EMPTY_BODY = YES;
				CLANG_WARN_ENUM_CONVERSION = YES;
				CLANG_WARN_INT_CONVERSION = YES;
				CLANG_WARN_OBJC_ROOT_CLASS = YES_ERROR;
				CLANG_WARN_UNREACHABLE_CODE = YES;
				CLANG_WARN__DUPLICATE_METHOD_MATCH = YES;
				"CODE_SIGN_IDENTITY[sdk=iphoneos*]" = "iPhone Developer";
				COPY_PHASE_STRIP = NO;
				DEBUG_INFORMATION_FORMAT = dwarf;
				ENABLE_STRICT_OBJC_MSGSEND = YES;
				ENABLE_TESTABILITY = YES;
				GCC_C_LANGUAGE_STANDARD = gnu99;
				GCC_DYNAMIC_NO_PIC = NO;
				GCC_NO_COMMON_BLOCKS = YES;
				GCC_OPTIMIZATION_LEVEL = 0;
				GCC_PREPROCESSOR_DEFINITIONS = (
					"DEBUG=1",
					"$(inherited)",
				);
				GCC_WARN_64_TO_32_BIT_CONVERSION = YES;
				GCC_WARN_ABOUT_RETURN_TYPE = YES_ERROR;
				GCC_WARN_UNDECLARED_SELECTOR = YES;
				GCC_WARN_UNINITIALIZED_AUTOS = YES_AGGRESSIVE;
				GCC_WARN_UNUSED_FUNCTION = YES;
				GCC_WARN_UNUSED_VARIABLE = YES;
				IPHONEOS_DEPLOYMENT_TARGET = 9.2;
				MTL_ENABLE_DEBUG_INFO = YES;
				ONLY_ACTIVE_ARCH = YES;
				SDKROOT = iphoneos;
				TARGETED_DEVICE_FAMILY = "1,2";
			};
			name = Debug;
		};
		6CD58C561CACBD3F0089DB38 /* Release */ = {
			isa = XCBuildConfiguration;
			buildSettings = {
				ALWAYS_SEARCH_USER_PATHS = NO;
				CLANG_CXX_LANGUAGE_STANDARD = "gnu++0x";
				CLANG_CXX_LIBRARY = "libc++";
				CLANG_ENABLE_MODULES = YES;
				CLANG_ENABLE_OBJC_ARC = YES;
				CLANG_WARN_BOOL_CONVERSION = YES;
				CLANG_WARN_CONSTANT_CONVERSION = YES;
				CLANG_WARN_DIRECT_OBJC_ISA_USAGE = YES_ERROR;
				CLANG_WARN_EMPTY_BODY = YES;
				CLANG_WARN_ENUM_CONVERSION = YES;
				CLANG_WARN_INT_CONVERSION = YES;
				CLANG_WARN_OBJC_ROOT_CLASS = YES_ERROR;
				CLANG_WARN_UNREACHABLE_CODE = YES;
				CLANG_WARN__DUPLICATE_METHOD_MATCH = YES;
				"CODE_SIGN_IDENTITY[sdk=iphoneos*]" = "iPhone Developer";
				COPY_PHASE_STRIP = NO;
				DEBUG_INFORMATION_FORMAT = "dwarf-with-dsym";
				ENABLE_NS_ASSERTIONS = NO;
				ENABLE_STRICT_OBJC_MSGSEND = YES;
				GCC_C_LANGUAGE_STANDARD = gnu99;
				GCC_NO_COMMON_BLOCKS = YES;
				GCC_WARN_64_TO_32_BIT_CONVERSION = YES;
				GCC_WARN_ABOUT_RETURN_TYPE = YES_ERROR;
				GCC_WARN_UNDECLARED_SELECTOR = YES;
				GCC_WARN_UNINITIALIZED_AUTOS = YES_AGGRESSIVE;
				GCC_WARN_UNUSED_FUNCTION = YES;
				GCC_WARN_UNUSED_VARIABLE = YES;
				IPHONEOS_DEPLOYMENT_TARGET = 9.2;
				MTL_ENABLE_DEBUG_INFO = NO;
				SDKROOT = iphoneos;
				TARGETED_DEVICE_FAMILY = "1,2";
				VALIDATE_PRODUCT = YES;
			};
			name = Release;
		};
		6CD58C581CACBD3F0089DB38 /* Debug */ = {
			isa = XCBuildConfiguration;
			buildSettings = {
				ASSETCATALOG_COMPILER_APPICON_NAME = AppIcon;
				INFOPLIST_FILE = MovieCaker_iOS/Info.plist;
				LD_RUNPATH_SEARCH_PATHS = "$(inherited) @executable_path/Frameworks";
				PRODUCT_BUNDLE_IDENTIFIER = "com.moma-tech.MovieCaker-iOS";
				PRODUCT_NAME = "$(TARGET_NAME)";
			};
			name = Debug;
		};
		6CD58C591CACBD3F0089DB38 /* Release */ = {
			isa = XCBuildConfiguration;
			buildSettings = {
				ASSETCATALOG_COMPILER_APPICON_NAME = AppIcon;
				INFOPLIST_FILE = MovieCaker_iOS/Info.plist;
				LD_RUNPATH_SEARCH_PATHS = "$(inherited) @executable_path/Frameworks";
				PRODUCT_BUNDLE_IDENTIFIER = "com.moma-tech.MovieCaker-iOS";
				PRODUCT_NAME = "$(TARGET_NAME)";
			};
			name = Release;
		};
/* End XCBuildConfiguration section */

/* Begin XCConfigurationList section */
		6CD58C381CACBD3F0089DB38 /* Build configuration list for PBXProject "MovieCaker_iOS" */ = {
			isa = XCConfigurationList;
			buildConfigurations = (
				6CD58C551CACBD3F0089DB38 /* Debug */,
				6CD58C561CACBD3F0089DB38 /* Release */,
			);
			defaultConfigurationIsVisible = 0;
			defaultConfigurationName = Release;
		};
		6CD58C571CACBD3F0089DB38 /* Build configuration list for PBXNativeTarget "MovieCaker_iOS" */ = {
			isa = XCConfigurationList;
			buildConfigurations = (
				6CD58C581CACBD3F0089DB38 /* Debug */,
				6CD58C591CACBD3F0089DB38 /* Release */,
			);
			defaultConfigurationIsVisible = 0;
			defaultConfigurationName = Release;
		};
/* End XCConfigurationList section */
	};
	rootObject = 6CD58C351CACBD3F0089DB38 /* Project object */;
}
